github.com/calmisland/go-difflib v1.0.1 h1:tfci468YtnjTC0pUOKRmnmpImkC2Z9siy4z94XM9bM0=
github.com/calmisland/go-difflib v1.0.1/go.mod h1:xvL8JWRWveQaQ9qymwmu4Rq05T5HzvHMqHtWi6eVUhI=
github.com/calmisland/go-objx v0.2.2/go.mod h1:Ir2IIp28cRXcBJusJfHLYDWLB0Tbduf6BXylF615goM=
github.com/calmisland/go-spew v1.1.1 h1:5/4iwGVUGLg8Fo4t99k/f8xSVLjeB7PzflE1bZkY3bQ=
github.com/calmisland/go-spew v1.1.1/go.mod h1:SGaf4jeF9E0pF2t89ndda4FVaBNZfNqOWSD1bxnUyqA=
github.com/calmisland/go-testify v1.3.2/go.mod h1:Dt2LylA0rh+HFuRaOyf08mdGEsXGBdOLqyqOLmSsal4=
github.com/calmisland/go-testify v1.3.3 h1:3VqayXc/SaoFOgdHAGAm4nr8VXLAR21UjQ+kbNkMeHc=
github.com/calmisland/go-testify v1.3.3/go.mod h1:Dt2LylA0rh+HFuRaOyf08mdGEsXGBdOLqyqOLmSsal4=
github.com/ghodss/yaml v1.0.0 h1:wQHKEahhL6wmXdzwWG11gIVCkOv05bNOh+Rxn0yngAk=
github.com/ghodss/yaml v1.0.0/go.mod h1:4dBDuWmgqj2HViK6kFavaiC9ZROes6MMH2rRYeMEF04=
gopkg.in/check.v1 v0.0.0-20161208181325-20d25e280405 h1:yhCVgyC4o1eVCa2tZl7eS0r+SDo693bJlVdllGtEeKM=
gopkg.in/check.v1 v0.0.0-20161208181325-20d25e280405/go.mod h1:Co6ibVJAznAaIkqp8huTwlJQCZ016jof/cbN4VW5Yz0=
gopkg.in/yaml.v2 v2.2.7 h1:VUgggvou5XRW9mHwD/yXxIYSMtY0zoKQf/v226p2nyo=
gopkg.in/yaml.v2 v2.2.7/go.mod h1:hI93XBmqTisBFMUTm0b8Fm+jr3Dg1NNxqwp+5A1VGuI=
